{
  "requires": true,
  "lockfileVersion": 1,
  "dependencies": {
    "sqllite": {
      "version": "1.1.2",
      "resolved": "https://registry.npmjs.org/sqllite/-/sqllite-1.1.2.tgz",
      "integrity": "sha512-PevTrDlSdzEMkqzyWpqhkc5vTH+EtHNF+9h/TR+TvZz4hZNPYvIeQJBvLCqXlxhB8UJRZoL8ZUnpXnohojBGHw=="
    }
  }
}
